{
  "name": "stencil-starter-project-name",
  "version": "0.0.1",
  "lockfileVersion": 1,
  "requires": true,
  "dependencies": {
    "@stencil/core": {
      "version": "1.15.0-2",
      "resolved": "https://registry.npmjs.org/@stencil/core/-/core-1.15.0-2.tgz",
      "integrity": "sha512-PgHRA/svmChubvEIX2u2lSOFphim6F5II7umpPYKPw9gWOdYfUE1d2ddBgeU8lGhTDPzhH3nCVu4zP1RFxNgeg==",
      "dev": true,
      "requires": {
        "typescript": "3.9.3"
      }
    },
    "typescript": {
      "version": "3.9.3",
      "resolved": "https://registry.npmjs.org/typescript/-/typescript-3.9.3.tgz",
      "integrity": "sha512-D/wqnB2xzNFIcoBG9FG8cXRDjiqSTbG2wd8DMZeQyJlP1vfTkIxH4GKveWaEBYySKIg+USu+E+EDIR47SqnaMQ==",
      "dev": true
    }
  }
}
